
Microsoft Visual Studio Solution File, Format Version 12.00
# Visual Studio Version 17
VisualStudioVersion = 17.0.31717.71
MinimumVisualStudioVersion = 10.0.40219.1
Project("{FAE04EC0-301F-11D3-BF4B-00C04F79EFBC}") = "Logeo", "Logeo\Logeo.csproj", "{3151986F-7017-4702-B92D-B99CC17874FC}"
EndProject
Global
	GlobalSection(SolutionConfigurationPlatforms) = preSolution
		Debug|Any CPU = Debug|Any CPU
		Release|Any CPU = Release|Any CPU
	EndGlobalSection
	GlobalSection(ProjectConfigurationPlatforms) = postSolution
		{3151986F-7017-4702-B92D-B99CC17874FC}.Debug|Any CPU.ActiveCfg = Debug|Any CPU
		{3151986F-7017-4702-B92D-B99CC17874FC}.Debug|Any CPU.Build.0 = Debug|Any CPU
		{3151986F-7017-4702-B92D-B99CC17874FC}.Release|Any CPU.ActiveCfg = Release|Any CPU
		{3151986F-7017-4702-B92D-B99CC17874FC}.Release|Any CPU.Build.0 = Release|Any CPU
	EndGlobalSection
	GlobalSection(SolutionProperties) = preSolution
		HideSolutionNode = FALSE
	EndGlobalSection
	GlobalSection(ExtensibilityGlobals) = postSolution
		SolutionGuid = {9A4ED172-8F9D-4A4A-B157-6DC3DF114583}
	EndGlobalSection
EndGlobal
